// !$*UTF8*$!
{
	archiveVersion = 1;
	classes = {
	};
	objectVersion = 56;
	objects = {

/* Begin PBXBuildFile section */
		AF779B6A2BB0A5A6005AD39B /* AppDelegate.swift in Sources */ = {isa = PBXBuildFile; fileRef = AF779B692BB0A5A6005AD39B /* AppDelegate.swift */; };
		AF779B732BB0A5A8005AD39B /* Assets.xcassets in Resources */ = {isa = PBXBuildFile; fileRef = AF779B722BB0A5A8005AD39B /* Assets.xcassets */; };
		AF779B762BB0A5A8005AD39B /* Base in Resources */ = {isa = PBXBuildFile; fileRef = AF779B752BB0A5A8005AD39B /* Base */; };
		AF779B7F2BB0A5CF005AD39B /* SnapKit in Frameworks */ = {isa = PBXBuildFile; productRef = AF779B7E2BB0A5CF005AD39B /* SnapKit */; };
		AF779B812BB0A5CF005AD39B /* SnapKit-Dynamic in Frameworks */ = {isa = PBXBuildFile; productRef = AF779B802BB0A5CF005AD39B /* SnapKit-Dynamic */; };
		AF779B832BB0A5F5005AD39B /* ProfileViewController.swift in Sources */ = {isa = PBXBuildFile; fileRef = AF779B822BB0A5F5005AD39B /* ProfileViewController.swift */; };
		AF779B852BB0A628005AD39B /* PhotoSelectionViewController.swift in Sources */ = {isa = PBXBuildFile; fileRef = AF779B842BB0A628005AD39B /* PhotoSelectionViewController.swift */; };
		AF779B872BB0A647005AD39B /* FontSelectionViewController.swift in Sources */ = {isa = PBXBuildFile; fileRef = AF779B862BB0A647005AD39B /* FontSelectionViewController.swift */; };
		AF779B892BB0A659005AD39B /* AgeSelectionViewController.swift in Sources */ = {isa = PBXBuildFile; fileRef = AF779B882BB0A659005AD39B /* AgeSelectionViewController.swift */; };
		AF779B8B2BB0A669005AD39B /* BackgroundColorSelectionViewController.swift in Sources */ = {isa = PBXBuildFile; fileRef = AF779B8A2BB0A669005AD39B /* BackgroundColorSelectionViewController.swift */; };
/* End PBXBuildFile section */

/* Begin PBXFileReference section */
		AF779B662BB0A5A6005AD39B /* Pickers.app */ = {isa = PBXFileReference; explicitFileType = wrapper.application; includeInIndex = 0; path = Pickers.app; sourceTree = BUILT_PRODUCTS_DIR; };
		AF779B692BB0A5A6005AD39B /* AppDelegate.swift */ = {isa = PBXFileReference; lastKnownFileType = sourcecode.swift; path = AppDelegate.swift; sourceTree = "<group>"; };
		AF779B722BB0A5A8005AD39B /* Assets.xcassets */ = {isa = PBXFileReference; lastKnownFileType = folder.assetcatalog; path = Assets.xcassets; sourceTree = "<group>"; };
		AF779B752BB0A5A8005AD39B /* Base */ = {isa = PBXFileReference; lastKnownFileType = file.storyboard; name = Base; path = Base.lproj/LaunchScreen.storyboard; sourceTree = "<group>"; };
		AF779B772BB0A5A8005AD39B /* Info.plist */ = {isa = PBXFileReference; lastKnownFileType = text.plist.xml; path = Info.plist; sourceTree = "<group>"; };
		AF779B822BB0A5F5005AD39B /* ProfileViewController.swift */ = {isa = PBXFileReference; lastKnownFileType = sourcecode.swift; path = ProfileViewController.swift; sourceTree = "<group>"; };
		AF779B842BB0A628005AD39B /* PhotoSelectionViewController.swift */ = {isa = PBXFileReference; lastKnownFileType = sourcecode.swift; path = PhotoSelectionViewController.swift; sourceTree = "<group>"; };
		AF779B862BB0A647005AD39B /* FontSelectionViewController.swift */ = {isa = PBXFileReference; lastKnownFileType = sourcecode.swift; path = FontSelectionViewController.swift; sourceTree = "<group>"; };
		AF779B882BB0A659005AD39B /* AgeSelectionViewController.swift */ = {isa = PBXFileReference; lastKnownFileType = sourcecode.swift; path = AgeSelectionViewController.swift; sourceTree = "<group>"; };
		AF779B8A2BB0A669005AD39B /* BackgroundColorSelectionViewController.swift */ = {isa = PBXFileReference; lastKnownFileType = sourcecode.swift; path = BackgroundColorSelectionViewController.swift; sourceTree = "<group>"; };
/* End PBXFileReference section */

/* Begin PBXFrameworksBuildPhase section */
		AF779B632BB0A5A6005AD39B /* Frameworks */ = {
			isa = PBXFrameworksBuildPhase;
			buildActionMask = 2147483647;
			files = (
				AF779B7F2BB0A5CF005AD39B /* SnapKit in Frameworks */,
				AF779B812BB0A5CF005AD39B /* SnapKit-Dynamic in Frameworks */,
			);
			runOnlyForDeploymentPostprocessing = 0;
		};
/* End PBXFrameworksBuildPhase section */

/* Begin PBXGroup section */
		AF779B5D2BB0A5A6005AD39B = {
			isa = PBXGroup;
			children = (
				AF779B682BB0A5A6005AD39B /* Pickers */,
				AF779B672BB0A5A6005AD39B /* Products */,
			);
			sourceTree = "<group>";
		};
		AF779B672BB0A5A6005AD39B /* Products */ = {
			isa = PBXGroup;
			children = (
				AF779B662BB0A5A6005AD39B /* Pickers.app */,
			);
			name = Products;
			sourceTree = "<group>";
		};
		AF779B682BB0A5A6005AD39B /* Pickers */ = {
			isa = PBXGroup;
			children = (
				AF779B822BB0A5F5005AD39B /* ProfileViewController.swift */,
				AF779B842BB0A628005AD39B /* PhotoSelectionViewController.swift */,
				AF779B862BB0A647005AD39B /* FontSelectionViewController.swift */,
				AF779B882BB0A659005AD39B /* AgeSelectionViewController.swift */,
				AF779B8A2BB0A669005AD39B /* BackgroundColorSelectionViewController.swift */,
				AF779B692BB0A5A6005AD39B /* AppDelegate.swift */,
				AF779B722BB0A5A8005AD39B /* Assets.xcassets */,
				AF779B742BB0A5A8005AD39B /* LaunchScreen.storyboard */,
				AF779B772BB0A5A8005AD39B /* Info.plist */,
			);
			path = Pickers;
			sourceTree = "<group>";
		};
/* End PBXGroup section */

/* Begin PBXNativeTarget section */
		AF779B652BB0A5A6005AD39B /* Pickers */ = {
			isa = PBXNativeTarget;
			buildConfigurationList = AF779B7A2BB0A5A8005AD39B /* Build configuration list for PBXNativeTarget "Pickers" */;
			buildPhases = (
				AF779B622BB0A5A6005AD39B /* Sources */,
				AF779B632BB0A5A6005AD39B /* Frameworks */,
				AF779B642BB0A5A6005AD39B /* Resources */,
			);
			buildRules = (
			);
			dependencies = (
			);
			name = Pickers;
			packageProductDependencies = (
				AF779B7E2BB0A5CF005AD39B /* SnapKit */,
				AF779B802BB0A5CF005AD39B /* SnapKit-Dynamic */,
			);
			productName = Pickers;
			productReference = AF779B662BB0A5A6005AD39B /* Pickers.app */;
			productType = "com.apple.product-type.application";
		};
/* End PBXNativeTarget section */

/* Begin PBXProject section */
		AF779B5E2BB0A5A6005AD39B /* Project object */ = {
			isa = PBXProject;
			attributes = {
				BuildIndependentTargetsInParallel = 1;
				LastSwiftUpdateCheck = 1530;
				LastUpgradeCheck = 1530;
				TargetAttributes = {
					AF779B652BB0A5A6005AD39B = {
						CreatedOnToolsVersion = 15.3;
					};
				};
			};
			buildConfigurationList = AF779B612BB0A5A6005AD39B /* Build configuration list for PBXProject "Pickers" */;
			compatibilityVersion = "Xcode 14.0";
			developmentRegion = en;
			hasScannedForEncodings = 0;
			knownRegions = (
				en,
				Base,
			);
			mainGroup = AF779B5D2BB0A5A6005AD39B;
			packageReferences = (
				AF779B7D2BB0A5CF005AD39B /* XCRemoteSwiftPackageReference "SnapKit" */,
			);
			productRefGroup = AF779B672BB0A5A6005AD39B /* Products */;
			projectDirPath = "";
			projectRoot = "";
			targets = (
				AF779B652BB0A5A6005AD39B /* Pickers */,
			);
		};
/* End PBXProject section */

/* Begin PBXResourcesBuildPhase section */
		AF779B642BB0A5A6005AD39B /* Resources */ = {
			isa = PBXResourcesBuildPhase;
			buildActionMask = 2147483647;
			files = (
				AF779B732BB0A5A8005AD39B /* Assets.xcassets in Resources */,
				AF779B762BB0A5A8005AD39B /* Base in Resources */,
			);
			runOnlyForDeploymentPostprocessing = 0;
		};
/* End PBXResourcesBuildPhase section */

/* Begin PBXSourcesBuildPhase section */
		AF779B622BB0A5A6005AD39B /* Sources */ = {
			isa = PBXSourcesBuildPhase;
			buildActionMask = 2147483647;
			files = (
				AF779B872BB0A647005AD39B /* FontSelectionViewController.swift in Sources */,
				AF779B8B2BB0A669005AD39B /* BackgroundColorSelectionViewController.swift in Sources */,
				AF779B852BB0A628005AD39B /* PhotoSelectionViewController.swift in Sources */,
				AF779B832BB0A5F5005AD39B /* ProfileViewController.swift in Sources */,
				AF779B892BB0A659005AD39B /* AgeSelectionViewController.swift in Sources */,
				AF779B6A2BB0A5A6005AD39B /* AppDelegate.swift in Sources */,
			);
			runOnlyForDeploymentPostprocessing = 0;
		};
/* End PBXSourcesBuildPhase section */

/* Begin PBXVariantGroup section */
		AF779B742BB0A5A8005AD39B /* LaunchScreen.storyboard */ = {
			isa = PBXVariantGroup;
			children = (
				AF779B752BB0A5A8005AD39B /* Base */,
			);
			name = LaunchScreen.storyboard;
			sourceTree = "<group>";
		};
/* End PBXVariantGroup section */

/* Begin XCBuildConfiguration section */
		AF779B782BB0A5A8005AD39B /* Debug */ = {
			isa = XCBuildConfiguration;
			buildSettings = {
				ALWAYS_SEARCH_USER_PATHS = NO;
				ASSETCATALOG_COMPILER_GENERATE_SWIFT_ASSET_SYMBOL_EXTENSIONS = YES;
				CLANG_ANALYZER_NONNULL = YES;
				CLANG_ANALYZER_NUMBER_OBJECT_CONVERSION = YES_AGGRESSIVE;
				CLANG_CXX_LANGUAGE_STANDARD = "gnu++20";
				CLANG_ENABLE_MODULES = YES;
				CLANG_ENABLE_OBJC_ARC = YES;
				CLANG_ENABLE_OBJC_WEAK = YES;
				CLANG_WARN_BLOCK_CAPTURE_AUTORELEASING = YES;
				CLANG_WARN_BOOL_CONVERSION = YES;
				CLANG_WARN_COMMA = YES;
				CLANG_WARN_CONSTANT_CONVERSION = YES;
				CLANG_WARN_DEPRECATED_OBJC_IMPLEMENTATIONS = YES;
				CLANG_WARN_DIRECT_OBJC_ISA_USAGE = YES_ERROR;
				CLANG_WARN_DOCUMENTATION_COMMENTS = YES;
				CLANG_WARN_EMPTY_BODY = YES;
				CLANG_WARN_ENUM_CONVERSION = YES;
				CLANG_WARN_INFINITE_RECURSION = YES;
				CLANG_WARN_INT_CONVERSION = YES;
				CLANG_WARN_NON_LITERAL_NULL_CONVERSION = YES;
				CLANG_WARN_OBJC_IMPLICIT_RETAIN_SELF = YES;
				CLANG_WARN_OBJC_LITERAL_CONVERSION = YES;
				CLANG_WARN_OBJC_ROOT_CLASS = YES_ERROR;
				CLANG_WARN_QUOTED_INCLUDE_IN_FRAMEWORK_HEADER = YES;
				CLANG_WARN_RANGE_LOOP_ANALYSIS = YES;
				CLANG_WARN_STRICT_PROTOTYPES = YES;
				CLANG_WARN_SUSPICIOUS_MOVE = YES;
				CLANG_WARN_UNGUARDED_AVAILABILITY = YES_AGGRESSIVE;
				CLANG_WARN_UNREACHABLE_CODE = YES;
				CLANG_WARN__DUPLICATE_METHOD_MATCH = YES;
				COPY_PHASE_STRIP = NO;
				DEBUG_INFORMATION_FORMAT = dwarf;
				ENABLE_STRICT_OBJC_MSGSEND = YES;
				ENABLE_TESTABILITY = YES;
				ENABLE_USER_SCRIPT_SANDBOXING = YES;
				GCC_C_LANGUAGE_STANDARD = gnu17;
				GCC_DYNAMIC_NO_PIC = NO;
				GCC_NO_COMMON_BLOCKS = YES;
				GCC_OPTIMIZATION_LEVEL = 0;
				GCC_PREPROCESSOR_DEFINITIONS = (
					"DEBUG=1",
					"$(inherited)",
				);
				GCC_WARN_64_TO_32_BIT_CONVERSION = YES;
				GCC_WARN_ABOUT_RETURN_TYPE = YES_ERROR;
				GCC_WARN_UNDECLARED_SELECTOR = YES;
				GCC_WARN_UNINITIALIZED_AUTOS = YES_AGGRESSIVE;
				GCC_WARN_UNUSED_FUNCTION = YES;
				GCC_WARN_UNUSED_VARIABLE = YES;
				IPHONEOS_DEPLOYMENT_TARGET = 17.4;
				LOCALIZATION_PREFERS_STRING_CATALOGS = YES;
				MTL_ENABLE_DEBUG_INFO = INCLUDE_SOURCE;
				MTL_FAST_MATH = YES;
				ONLY_ACTIVE_ARCH = YES;
				SDKROOT = iphoneos;
				SWIFT_ACTIVE_COMPILATION_CONDITIONS = "DEBUG $(inherited)";
				SWIFT_OPTIMIZATION_LEVEL = "-Onone";
			};
			name = Debug;
		};
		AF779B792BB0A5A8005AD39B /* Release */ = {
			isa = XCBuildConfiguration;
			buildSettings = {
				ALWAYS_SEARCH_USER_PATHS = NO;
				ASSETCATALOG_COMPILER_GENERATE_SWIFT_ASSET_SYMBOL_EXTENSIONS = YES;
				CLANG_ANALYZER_NONNULL = YES;
				CLANG_ANALYZER_NUMBER_OBJECT_CONVERSION = YES_AGGRESSIVE;
				CLANG_CXX_LANGUAGE_STANDARD = "gnu++20";
				CLANG_ENABLE_MODULES = YES;
				CLANG_ENABLE_OBJC_ARC = YES;
				CLANG_ENABLE_OBJC_WEAK = YES;
				CLANG_WARN_BLOCK_CAPTURE_AUTORELEASING = YES;
				CLANG_WARN_BOOL_CONVERSION = YES;
				CLANG_WARN_COMMA = YES;
				CLANG_WARN_CONSTANT_CONVERSION = YES;
				CLANG_WARN_DEPRECATED_OBJC_IMPLEMENTATIONS = YES;
				CLANG_WARN_DIRECT_OBJC_ISA_USAGE = YES_ERROR;
				CLANG_WARN_DOCUMENTATION_COMMENTS = YES;
				CLANG_WARN_EMPTY_BODY = YES;
				CLANG_WARN_ENUM_CONVERSION = YES;
				CLANG_WARN_INFINITE_RECURSION = YES;
				CLANG_WARN_INT_CONVERSION = YES;
				CLANG_WARN_NON_LITERAL_NULL_CONVERSION = YES;
				CLANG_WARN_OBJC_IMPLICIT_RETAIN_SELF = YES;
				CLANG_WARN_OBJC_LITERAL_CONVERSION = YES;
				CLANG_WARN_OBJC_ROOT_CLASS = YES_ERROR;
				CLANG_WARN_QUOTED_INCLUDE_IN_FRAMEWORK_HEADER = YES;
				CLANG_WARN_RANGE_LOOP_ANALYSIS = YES;
				CLANG_WARN_STRICT_PROTOTYPES = YES;
				CLANG_WARN_SUSPICIOUS_MOVE = YES;
				CLANG_WARN_UNGUARDED_AVAILABILITY = YES_AGGRESSIVE;
				CLANG_WARN_UNREACHABLE_CODE = YES;
				CLANG_WARN__DUPLICATE_METHOD_MATCH = YES;
				COPY_PHASE_STRIP = NO;
				DEBUG_INFORMATION_FORMAT = "dwarf-with-dsym";
				ENABLE_NS_ASSERTIONS = NO;
				ENABLE_STRICT_OBJC_MSGSEND = YES;
				ENABLE_USER_SCRIPT_SANDBOXING = YES;
				GCC_C_LANGUAGE_STANDARD = gnu17;
				GCC_NO_COMMON_BLOCKS = YES;
				GCC_WARN_64_TO_32_BIT_CONVERSION = YES;
				GCC_WARN_ABOUT_RETURN_TYPE = YES_ERROR;
				GCC_WARN_UNDECLARED_SELECTOR = YES;
				GCC_WARN_UNINITIALIZED_AUTOS = YES_AGGRESSIVE;
				GCC_WARN_UNUSED_FUNCTION = YES;
				GCC_WARN_UNUSED_VARIABLE = YES;
				IPHONEOS_DEPLOYMENT_TARGET = 17.4;
				LOCALIZATION_PREFERS_STRING_CATALOGS = YES;
				MTL_ENABLE_DEBUG_INFO = NO;
				MTL_FAST_MATH = YES;
				SDKROOT = iphoneos;
				SWIFT_COMPILATION_MODE = wholemodule;
				VALIDATE_PRODUCT = YES;
			};
			name = Release;
		};
		AF779B7B2BB0A5A8005AD39B /* Debug */ = {
			isa = XCBuildConfiguration;
			buildSettings = {
				ASSETCATALOG_COMPILER_APPICON_NAME = AppIcon;
				ASSETCATALOG_COMPILER_GLOBAL_ACCENT_COLOR_NAME = AccentColor;
				CODE_SIGN_STYLE = Automatic;
				CURRENT_PROJECT_VERSION = 1;
				GENERATE_INFOPLIST_FILE = YES;
				INFOPLIST_FILE = Pickers/Info.plist;
				INFOPLIST_KEY_UIApplicationSupportsIndirectInputEvents = YES;
				INFOPLIST_KEY_UILaunchStoryboardName = LaunchScreen;
				INFOPLIST_KEY_UISupportedInterfaceOrientations_iPad = "UIInterfaceOrientationPortrait UIInterfaceOrientationPortraitUpsideDown UIInterfaceOrientationLandscapeLeft UIInterfaceOrientationLandscapeRight";
				INFOPLIST_KEY_UISupportedInterfaceOrientations_iPhone = "UIInterfaceOrientationPortrait UIInterfaceOrientationLandscapeLeft UIInterfaceOrientationLandscapeRight";
				IPHONEOS_DEPLOYMENT_TARGET = 17.0;
				LD_RUNPATH_SEARCH_PATHS = (
					"$(inherited)",
					"@executable_path/Frameworks",
				);
				MARKETING_VERSION = 1.0;
				PRODUCT_BUNDLE_IDENTIFIER = resedat.Pickers;
				PRODUCT_NAME = "$(TARGET_NAME)";
				SUPPORTED_PLATFORMS = "iphoneos iphonesimulator";
				SUPPORTS_MACCATALYST = NO;
				SUPPORTS_MAC_DESIGNED_FOR_IPHONE_IPAD = NO;
				SUPPORTS_XR_DESIGNED_FOR_IPHONE_IPAD = NO;
				SWIFT_EMIT_LOC_STRINGS = YES;
				SWIFT_VERSION = 5.0;
				TARGETED_DEVICE_FAMILY = 1;
			};
			name = Debug;
		};
		AF779B7C2BB0A5A8005AD39B /* Release */ = {
			isa = XCBuildConfiguration;
			buildSettings = {
				ASSETCATALOG_COMPILER_APPICON_NAME = AppIcon;
				ASSETCATALOG_COMPILER_GLOBAL_ACCENT_COLOR_NAME = AccentColor;
				CODE_SIGN_STYLE = Automatic;
				CURRENT_PROJECT_VERSION = 1;
				GENERATE_INFOPLIST_FILE = YES;
				INFOPLIST_FILE = Pickers/Info.plist;
				INFOPLIST_KEY_UIApplicationSupportsIndirectInputEvents = YES;
				INFOPLIST_KEY_UILaunchStoryboardName = LaunchScreen;
				INFOPLIST_KEY_UISupportedInterfaceOrientations_iPad = "UIInterfaceOrientationPortrait UIInterfaceOrientationPortraitUpsideDown UIInterfaceOrientationLandscapeLeft UIInterfaceOrientationLandscapeRight";
				INFOPLIST_KEY_UISupportedInterfaceOrientations_iPhone = "UIInterfaceOrientationPortrait UIInterfaceOrientationLandscapeLeft UIInterfaceOrientationLandscapeRight";
				IPHONEOS_DEPLOYMENT_TARGET = 17.0;
				LD_RUNPATH_SEARCH_PATHS = (
					"$(inherited)",
					"@executable_path/Frameworks",
				);
				MARKETING_VERSION = 1.0;
				PRODUCT_BUNDLE_IDENTIFIER = resedat.Pickers;
				PRODUCT_NAME = "$(TARGET_NAME)";
				SUPPORTED_PLATFORMS = "iphoneos iphonesimulator";
				SUPPORTS_MACCATALYST = NO;
				SUPPORTS_MAC_DESIGNED_FOR_IPHONE_IPAD = NO;
				SUPPORTS_XR_DESIGNED_FOR_IPHONE_IPAD = NO;
				SWIFT_EMIT_LOC_STRINGS = YES;
				SWIFT_VERSION = 5.0;
				TARGETED_DEVICE_FAMILY = 1;
			};
			name = Release;
		};
/* End XCBuildConfiguration section */

/* Begin XCConfigurationList section */
		AF779B612BB0A5A6005AD39B /* Build configuration list for PBXProject "Pickers" */ = {
			isa = XCConfigurationList;
			buildConfigurations = (
				AF779B782BB0A5A8005AD39B /* Debug */,
				AF779B792BB0A5A8005AD39B /* Release */,
			);
			defaultConfigurationIsVisible = 0;
			defaultConfigurationName = Release;
		};
		AF779B7A2BB0A5A8005AD39B /* Build configuration list for PBXNativeTarget "Pickers" */ = {
			isa = XCConfigurationList;
			buildConfigurations = (
				AF779B7B2BB0A5A8005AD39B /* Debug */,
				AF779B7C2BB0A5A8005AD39B /* Release */,
			);
			defaultConfigurationIsVisible = 0;
			defaultConfigurationName = Release;
		};
/* End XCConfigurationList section */

/* Begin XCRemoteSwiftPackageReference section */
		AF779B7D2BB0A5CF005AD39B /* XCRemoteSwiftPackageReference "SnapKit" */ = {
			isa = XCRemoteSwiftPackageReference;
			repositoryURL = "https://github.com/SnapKit/SnapKit.git";
			requirement = {
				kind = upToNextMajorVersion;
				minimumVersion = 5.7.1;
			};
		};
/* End XCRemoteSwiftPackageReference section */

/* Begin XCSwiftPackageProductDependency section */
		AF779B7E2BB0A5CF005AD39B /* SnapKit */ = {
			isa = XCSwiftPackageProductDependency;
			package = AF779B7D2BB0A5CF005AD39B /* XCRemoteSwiftPackageReference "SnapKit" */;
			productName = SnapKit;
		};
		AF779B802BB0A5CF005AD39B /* SnapKit-Dynamic */ = {
			isa = XCSwiftPackageProductDependency;
			package = AF779B7D2BB0A5CF005AD39B /* XCRemoteSwiftPackageReference "SnapKit" */;
			productName = "SnapKit-Dynamic";
		};
/* End XCSwiftPackageProductDependency section */
	};
	rootObject = AF779B5E2BB0A5A6005AD39B /* Project object */;
}
